
Microsoft Visual Studio Solution File, Format Version 12.00
# Visual Studio 15
VisualStudioVersion = 15.0.28010.2046
MinimumVisualStudioVersion = 10.0.40219.1
Project("{FAE04EC0-301F-11D3-BF4B-00C04F79EFBC}") = "TrashCollector", "TrashCollector\TrashCollector.csproj", "{FE75EC2D-5609-4169-A1B8-D1A7F183FE72}"
EndProject
Global
	GlobalSection(SolutionConfigurationPlatforms) = preSolution
		Debug|Any CPU = Debug|Any CPU
		Release|Any CPU = Release|Any CPU
	EndGlobalSection
	GlobalSection(ProjectConfigurationPlatforms) = postSolution
		{FE75EC2D-5609-4169-A1B8-D1A7F183FE72}.Debug|Any CPU.ActiveCfg = Debug|Any CPU
		{FE75EC2D-5609-4169-A1B8-D1A7F183FE72}.Debug|Any CPU.Build.0 = Debug|Any CPU
		{FE75EC2D-5609-4169-A1B8-D1A7F183FE72}.Release|Any CPU.ActiveCfg = Release|Any CPU
		{FE75EC2D-5609-4169-A1B8-D1A7F183FE72}.Release|Any CPU.Build.0 = Release|Any CPU
	EndGlobalSection
	GlobalSection(SolutionProperties) = preSolution
		HideSolutionNode = FALSE
	EndGlobalSection
	GlobalSection(ExtensibilityGlobals) = postSolution
		SolutionGuid = {2D0F7E0A-A31B-4875-B4E9-99ED9E5C9276}
	EndGlobalSection
EndGlobal
